
Microsoft Visual Studio Solution File, Format Version 12.00
# Visual Studio Version 17
VisualStudioVersion = 17.5.33502.453
MinimumVisualStudioVersion = 10.0.40219.1
Project("{9A19103F-16F7-4668-BE54-9A1E7A4F7556}") = "MyHealthFirst", "MyHealthFirst\MyHealthFirst.csproj", "{574264EC-4E02-4732-A1F0-488E8D2D09E9}"
EndProject
Project("{FAE04EC0-301F-11D3-BF4B-00C04F79EFBC}") = "DB", "DB\DB.csproj", "{CECB15BC-3059-42B4-AEB3-42C46E2B8725}"
EndProject
Global
	GlobalSection(SolutionConfigurationPlatforms) = preSolution
		Debug|Any CPU = Debug|Any CPU
		Release|Any CPU = Release|Any CPU
	EndGlobalSection
	GlobalSection(ProjectConfigurationPlatforms) = postSolution
		{574264EC-4E02-4732-A1F0-488E8D2D09E9}.Debug|Any CPU.ActiveCfg = Debug|Any CPU
		{574264EC-4E02-4732-A1F0-488E8D2D09E9}.Debug|Any CPU.Build.0 = Debug|Any CPU
		{574264EC-4E02-4732-A1F0-488E8D2D09E9}.Release|Any CPU.ActiveCfg = Release|Any CPU
		{574264EC-4E02-4732-A1F0-488E8D2D09E9}.Release|Any CPU.Build.0 = Release|Any CPU
		{CECB15BC-3059-42B4-AEB3-42C46E2B8725}.Debug|Any CPU.ActiveCfg = Debug|Any CPU
		{CECB15BC-3059-42B4-AEB3-42C46E2B8725}.Debug|Any CPU.Build.0 = Debug|Any CPU
		{CECB15BC-3059-42B4-AEB3-42C46E2B8725}.Release|Any CPU.ActiveCfg = Release|Any CPU
		{CECB15BC-3059-42B4-AEB3-42C46E2B8725}.Release|Any CPU.Build.0 = Release|Any CPU
	EndGlobalSection
	GlobalSection(SolutionProperties) = preSolution
		HideSolutionNode = FALSE
	EndGlobalSection
	GlobalSection(ExtensibilityGlobals) = postSolution
		SolutionGuid = {208B3F6D-1659-4F53-B33F-E168A2D8B543}
	EndGlobalSection
EndGlobal
